
Microsoft Visual Studio Solution File, Format Version 12.00
# Visual Studio Version 16
VisualStudioVersion = 16.0.30011.22
MinimumVisualStudioVersion = 10.0.40219.1
Project("{FAE04EC0-301F-11D3-BF4B-00C04F79EFBC}") = "AulaUdemy", "AulaUdemy\AulaUdemy.csproj", "{C43EA866-8D7E-4EB4-B4C1-D98BD177B172}"
EndProject
Global
	GlobalSection(SolutionConfigurationPlatforms) = preSolution
		Debug|Any CPU = Debug|Any CPU
		Release|Any CPU = Release|Any CPU
	EndGlobalSection
	GlobalSection(ProjectConfigurationPlatforms) = postSolution
		{C43EA866-8D7E-4EB4-B4C1-D98BD177B172}.Debug|Any CPU.ActiveCfg = Debug|Any CPU
		{C43EA866-8D7E-4EB4-B4C1-D98BD177B172}.Debug|Any CPU.Build.0 = Debug|Any CPU
		{C43EA866-8D7E-4EB4-B4C1-D98BD177B172}.Release|Any CPU.ActiveCfg = Release|Any CPU
		{C43EA866-8D7E-4EB4-B4C1-D98BD177B172}.Release|Any CPU.Build.0 = Release|Any CPU
	EndGlobalSection
	GlobalSection(SolutionProperties) = preSolution
		HideSolutionNode = FALSE
	EndGlobalSection
	GlobalSection(ExtensibilityGlobals) = postSolution
		SolutionGuid = {991B7EB0-9812-4840-BA5E-84607B1260A9}
	EndGlobalSection
EndGlobal
